// !$*UTF8*$!
{
	archiveVersion = 1;
	classes = {
	};
	objectVersion = 46;
	objects = {

/* Begin PBXBuildFile section */
		CECE6D331D9EB3CD00C6DF41 /* AppDelegate.swift in Sources */ = {isa = PBXBuildFile; fileRef = CECE6D321D9EB3CD00C6DF41 /* AppDelegate.swift */; };
		CECE6D381D9EB3CD00C6DF41 /* Main.storyboard in Resources */ = {isa = PBXBuildFile; fileRef = CECE6D361D9EB3CD00C6DF41 /* Main.storyboard */; };
		CECE6D3A1D9EB3CD00C6DF41 /* Assets.xcassets in Resources */ = {isa = PBXBuildFile; fileRef = CECE6D391D9EB3CD00C6DF41 /* Assets.xcassets */; };
		CECE6D481D9EB3CD00C6DF41 /* SinaWeiboUITests.swift in Sources */ = {isa = PBXBuildFile; fileRef = CECE6D471D9EB3CD00C6DF41 /* SinaWeiboUITests.swift */; };
		CEEC5E561D9F440B00DA8DF3 /* MainViewController.swift in Sources */ = {isa = PBXBuildFile; fileRef = CEEC5E551D9F440B00DA8DF3 /* MainViewController.swift */; };
		CEEC5E581D9F443900DA8DF3 /* HomeViewController.swift in Sources */ = {isa = PBXBuildFile; fileRef = CEEC5E571D9F443900DA8DF3 /* HomeViewController.swift */; };
		CEEC5E5A1D9F444C00DA8DF3 /* MessageViewController.swift in Sources */ = {isa = PBXBuildFile; fileRef = CEEC5E591D9F444C00DA8DF3 /* MessageViewController.swift */; };
		CEEC5E5C1D9F445B00DA8DF3 /* DiscoverViewController.swift in Sources */ = {isa = PBXBuildFile; fileRef = CEEC5E5B1D9F445B00DA8DF3 /* DiscoverViewController.swift */; };
		CEEC5E5F1D9F4B1B00DA8DF3 /* MainVCSettings.json in Resources */ = {isa = PBXBuildFile; fileRef = CEEC5E5E1D9F4B1B00DA8DF3 /* MainVCSettings.json */; };
		CEEC5E631D9F647200DA8DF3 /* Home.storyboard in Resources */ = {isa = PBXBuildFile; fileRef = CEEC5E611D9F647200DA8DF3 /* Home.storyboard */; };
		CEEC5E651D9F648600DA8DF3 /* Message.storyboard in Resources */ = {isa = PBXBuildFile; fileRef = CEEC5E641D9F648600DA8DF3 /* Message.storyboard */; };
		CEEC5E681D9F64A100DA8DF3 /* Discover.storyboard in Resources */ = {isa = PBXBuildFile; fileRef = CEEC5E661D9F64A100DA8DF3 /* Discover.storyboard */; };
		CEEC5E6A1D9F64B000DA8DF3 /* Profile.storyboard in Resources */ = {isa = PBXBuildFile; fileRef = CEEC5E691D9F64B000DA8DF3 /* Profile.storyboard */; };
		CEEC5E6D1D9F64BF00DA8DF3 /* Pub.storyboard in Resources */ = {isa = PBXBuildFile; fileRef = CEEC5E6B1D9F64BF00DA8DF3 /* Pub.storyboard */; };
		CEEC5E6F1D9F65B400DA8DF3 /* ProfileViewController.swift in Sources */ = {isa = PBXBuildFile; fileRef = CEEC5E6E1D9F65B400DA8DF3 /* ProfileViewController.swift */; };
/* End PBXBuildFile section */

/* Begin PBXContainerItemProxy section */
		CECE6D441D9EB3CD00C6DF41 /* PBXContainerItemProxy */ = {
			isa = PBXContainerItemProxy;
			containerPortal = CECE6D271D9EB3CD00C6DF41 /* Project object */;
			proxyType = 1;
			remoteGlobalIDString = CECE6D2E1D9EB3CD00C6DF41;
			remoteInfo = SinaWeibo;
		};
/* End PBXContainerItemProxy section */

/* Begin PBXFileReference section */
		CECE6D2F1D9EB3CD00C6DF41 /* SinaWeibo.app */ = {isa = PBXFileReference; explicitFileType = wrapper.application; includeInIndex = 0; path = SinaWeibo.app; sourceTree = BUILT_PRODUCTS_DIR; };
		CECE6D321D9EB3CD00C6DF41 /* AppDelegate.swift */ = {isa = PBXFileReference; lastKnownFileType = sourcecode.swift; path = AppDelegate.swift; sourceTree = "<group>"; };
		CECE6D371D9EB3CD00C6DF41 /* Base */ = {isa = PBXFileReference; lastKnownFileType = file.storyboard; name = Base; path = Base.lproj/Main.storyboard; sourceTree = "<group>"; };
		CECE6D391D9EB3CD00C6DF41 /* Assets.xcassets */ = {isa = PBXFileReference; lastKnownFileType = folder.assetcatalog; path = Assets.xcassets; sourceTree = "<group>"; };
		CECE6D3E1D9EB3CD00C6DF41 /* Info.plist */ = {isa = PBXFileReference; lastKnownFileType = text.plist.xml; path = Info.plist; sourceTree = "<group>"; };
		CECE6D431D9EB3CD00C6DF41 /* SinaWeiboUITests.xctest */ = {isa = PBXFileReference; explicitFileType = wrapper.cfbundle; includeInIndex = 0; path = SinaWeiboUITests.xctest; sourceTree = BUILT_PRODUCTS_DIR; };
		CECE6D471D9EB3CD00C6DF41 /* SinaWeiboUITests.swift */ = {isa = PBXFileReference; lastKnownFileType = sourcecode.swift; path = SinaWeiboUITests.swift; sourceTree = "<group>"; };
		CECE6D491D9EB3CD00C6DF41 /* Info.plist */ = {isa = PBXFileReference; lastKnownFileType = text.plist.xml; path = Info.plist; sourceTree = "<group>"; };
		CEEC5E551D9F440B00DA8DF3 /* MainViewController.swift */ = {isa = PBXFileReference; fileEncoding = 4; lastKnownFileType = sourcecode.swift; path = MainViewController.swift; sourceTree = "<group>"; };
		CEEC5E571D9F443900DA8DF3 /* HomeViewController.swift */ = {isa = PBXFileReference; fileEncoding = 4; lastKnownFileType = sourcecode.swift; path = HomeViewController.swift; sourceTree = "<group>"; };
		CEEC5E591D9F444C00DA8DF3 /* MessageViewController.swift */ = {isa = PBXFileReference; fileEncoding = 4; lastKnownFileType = sourcecode.swift; path = MessageViewController.swift; sourceTree = "<group>"; };
		CEEC5E5B1D9F445B00DA8DF3 /* DiscoverViewController.swift */ = {isa = PBXFileReference; fileEncoding = 4; lastKnownFileType = sourcecode.swift; path = DiscoverViewController.swift; sourceTree = "<group>"; };
		CEEC5E5E1D9F4B1B00DA8DF3 /* MainVCSettings.json */ = {isa = PBXFileReference; fileEncoding = 4; lastKnownFileType = text.json; path = MainVCSettings.json; sourceTree = "<group>"; };
		CEEC5E621D9F647200DA8DF3 /* Base */ = {isa = PBXFileReference; lastKnownFileType = file.storyboard; name = Base; path = Base.lproj/Home.storyboard; sourceTree = "<group>"; };
		CEEC5E641D9F648600DA8DF3 /* Message.storyboard */ = {isa = PBXFileReference; fileEncoding = 4; lastKnownFileType = file.storyboard; name = Message.storyboard; path = SinaWeibo/Message.storyboard; sourceTree = SOURCE_ROOT; };
		CEEC5E671D9F64A100DA8DF3 /* Base */ = {isa = PBXFileReference; lastKnownFileType = file.storyboard; name = Base; path = Base.lproj/Discover.storyboard; sourceTree = "<group>"; };
		CEEC5E691D9F64B000DA8DF3 /* Profile.storyboard */ = {isa = PBXFileReference; fileEncoding = 4; lastKnownFileType = file.storyboard; name = Profile.storyboard; path = SinaWeibo/Profile.storyboard; sourceTree = SOURCE_ROOT; };
		CEEC5E6C1D9F64BF00DA8DF3 /* Base */ = {isa = PBXFileReference; lastKnownFileType = file.storyboard; name = Base; path = Base.lproj/Pub.storyboard; sourceTree = "<group>"; };
		CEEC5E6E1D9F65B400DA8DF3 /* ProfileViewController.swift */ = {isa = PBXFileReference; fileEncoding = 4; lastKnownFileType = sourcecode.swift; path = ProfileViewController.swift; sourceTree = "<group>"; };
/* End PBXFileReference section */

/* Begin PBXFrameworksBuildPhase section */
		CECE6D2C1D9EB3CD00C6DF41 /* Frameworks */ = {
			isa = PBXFrameworksBuildPhase;
			buildActionMask = 2147483647;
			files = (
			);
			runOnlyForDeploymentPostprocessing = 0;
		};
		CECE6D401D9EB3CD00C6DF41 /* Frameworks */ = {
			isa = PBXFrameworksBuildPhase;
			buildActionMask = 2147483647;
			files = (
			);
			runOnlyForDeploymentPostprocessing = 0;
		};
/* End PBXFrameworksBuildPhase section */

/* Begin PBXGroup section */
		CECE6D261D9EB3CD00C6DF41 = {
			isa = PBXGroup;
			children = (
				CECE6D311D9EB3CD00C6DF41 /* SinaWeibo */,
				CECE6D461D9EB3CD00C6DF41 /* SinaWeiboUITests */,
				CECE6D301D9EB3CD00C6DF41 /* Products */,
			);
			sourceTree = "<group>";
		};
		CECE6D301D9EB3CD00C6DF41 /* Products */ = {
			isa = PBXGroup;
			children = (
				CECE6D2F1D9EB3CD00C6DF41 /* SinaWeibo.app */,
				CECE6D431D9EB3CD00C6DF41 /* SinaWeiboUITests.xctest */,
			);
			name = Products;
			sourceTree = "<group>";
		};
		CECE6D311D9EB3CD00C6DF41 /* SinaWeibo */ = {
			isa = PBXGroup;
			children = (
				CECE6D321D9EB3CD00C6DF41 /* AppDelegate.swift */,
				CECE6D391D9EB3CD00C6DF41 /* Assets.xcassets */,
				CECE6D3E1D9EB3CD00C6DF41 /* Info.plist */,
				CECE6D541D9EBB8D00C6DF41 /* Main */,
				CECE6D531D9EBB8D00C6DF41 /* Home */,
				CECE6D551D9EBB8D00C6DF41 /* Message */,
				CEEC5E601D9F63A900DA8DF3 /* Pub */,
				CECE6D521D9EBB8D00C6DF41 /* Discover */,
				CECE6D561D9EBB8D00C6DF41 /* Profile */,
			);
			path = SinaWeibo;
			sourceTree = "<group>";
		};
		CECE6D461D9EB3CD00C6DF41 /* SinaWeiboUITests */ = {
			isa = PBXGroup;
			children = (
				CECE6D471D9EB3CD00C6DF41 /* SinaWeiboUITests.swift */,
				CECE6D491D9EB3CD00C6DF41 /* Info.plist */,
			);
			path = SinaWeiboUITests;
			sourceTree = "<group>";
		};
		CECE6D521D9EBB8D00C6DF41 /* Discover */ = {
			isa = PBXGroup;
			children = (
				CEEC5E661D9F64A100DA8DF3 /* Discover.storyboard */,
				CEEC5E5B1D9F445B00DA8DF3 /* DiscoverViewController.swift */,
			);
			path = Discover;
			sourceTree = "<group>";
		};
		CECE6D531D9EBB8D00C6DF41 /* Home */ = {
			isa = PBXGroup;
			children = (
				CEEC5E611D9F647200DA8DF3 /* Home.storyboard */,
				CEEC5E571D9F443900DA8DF3 /* HomeViewController.swift */,
			);
			path = Home;
			sourceTree = "<group>";
		};
		CECE6D541D9EBB8D00C6DF41 /* Main */ = {
			isa = PBXGroup;
			children = (
				CECE6D361D9EB3CD00C6DF41 /* Main.storyboard */,
				CEEC5E551D9F440B00DA8DF3 /* MainViewController.swift */,
				CEEC5E5D1D9F4B1B00DA8DF3 /* Resource */,
			);
			path = Main;
			sourceTree = "<group>";
		};
		CECE6D551D9EBB8D00C6DF41 /* Message */ = {
			isa = PBXGroup;
			children = (
				CEEC5E641D9F648600DA8DF3 /* Message.storyboard */,
				CEEC5E591D9F444C00DA8DF3 /* MessageViewController.swift */,
			);
			path = Message;
			sourceTree = "<group>";
		};
		CECE6D561D9EBB8D00C6DF41 /* Profile */ = {
			isa = PBXGroup;
			children = (
				CEEC5E691D9F64B000DA8DF3 /* Profile.storyboard */,
				CEEC5E6E1D9F65B400DA8DF3 /* ProfileViewController.swift */,
			);
			path = Profile;
			sourceTree = "<group>";
		};
		CEEC5E5D1D9F4B1B00DA8DF3 /* Resource */ = {
			isa = PBXGroup;
			children = (
				CEEC5E5E1D9F4B1B00DA8DF3 /* MainVCSettings.json */,
			);
			path = Resource;
			sourceTree = "<group>";
		};
		CEEC5E601D9F63A900DA8DF3 /* Pub */ = {
			isa = PBXGroup;
			children = (
				CEEC5E6B1D9F64BF00DA8DF3 /* Pub.storyboard */,
			);
			path = Pub;
			sourceTree = "<group>";
		};
/* End PBXGroup section */

/* Begin PBXNativeTarget section */
		CECE6D2E1D9EB3CD00C6DF41 /* SinaWeibo */ = {
			isa = PBXNativeTarget;
			buildConfigurationList = CECE6D4C1D9EB3CD00C6DF41 /* Build configuration list for PBXNativeTarget "SinaWeibo" */;
			buildPhases = (
				CECE6D2B1D9EB3CD00C6DF41 /* Sources */,
				CECE6D2C1D9EB3CD00C6DF41 /* Frameworks */,
				CECE6D2D1D9EB3CD00C6DF41 /* Resources */,
			);
			buildRules = (
			);
			dependencies = (
			);
			name = SinaWeibo;
			productName = SinaWeibo;
			productReference = CECE6D2F1D9EB3CD00C6DF41 /* SinaWeibo.app */;
			productType = "com.apple.product-type.application";
		};
		CECE6D421D9EB3CD00C6DF41 /* SinaWeiboUITests */ = {
			isa = PBXNativeTarget;
			buildConfigurationList = CECE6D4F1D9EB3CD00C6DF41 /* Build configuration list for PBXNativeTarget "SinaWeiboUITests" */;
			buildPhases = (
				CECE6D3F1D9EB3CD00C6DF41 /* Sources */,
				CECE6D401D9EB3CD00C6DF41 /* Frameworks */,
				CECE6D411D9EB3CD00C6DF41 /* Resources */,
			);
			buildRules = (
			);
			dependencies = (
				CECE6D451D9EB3CD00C6DF41 /* PBXTargetDependency */,
			);
			name = SinaWeiboUITests;
			productName = SinaWeiboUITests;
			productReference = CECE6D431D9EB3CD00C6DF41 /* SinaWeiboUITests.xctest */;
			productType = "com.apple.product-type.bundle.ui-testing";
		};
/* End PBXNativeTarget section */

/* Begin PBXProject section */
		CECE6D271D9EB3CD00C6DF41 /* Project object */ = {
			isa = PBXProject;
			attributes = {
				LastSwiftUpdateCheck = 0720;
				LastUpgradeCheck = 0720;
				ORGANIZATIONNAME = huangjiong;
				TargetAttributes = {
					CECE6D2E1D9EB3CD00C6DF41 = {
						CreatedOnToolsVersion = 7.2;
					};
					CECE6D421D9EB3CD00C6DF41 = {
						CreatedOnToolsVersion = 7.2;
						TestTargetID = CECE6D2E1D9EB3CD00C6DF41;
					};
				};
			};
			buildConfigurationList = CECE6D2A1D9EB3CD00C6DF41 /* Build configuration list for PBXProject "SinaWeibo" */;
			compatibilityVersion = "Xcode 3.2";
			developmentRegion = English;
			hasScannedForEncodings = 0;
			knownRegions = (
				en,
				Base,
			);
			mainGroup = CECE6D261D9EB3CD00C6DF41;
			productRefGroup = CECE6D301D9EB3CD00C6DF41 /* Products */;
			projectDirPath = "";
			projectRoot = "";
			targets = (
				CECE6D2E1D9EB3CD00C6DF41 /* SinaWeibo */,
				CECE6D421D9EB3CD00C6DF41 /* SinaWeiboUITests */,
			);
		};
/* End PBXProject section */

/* Begin PBXResourcesBuildPhase section */
		CECE6D2D1D9EB3CD00C6DF41 /* Resources */ = {
			isa = PBXResourcesBuildPhase;
			buildActionMask = 2147483647;
			files = (
				CECE6D3A1D9EB3CD00C6DF41 /* Assets.xcassets in Resources */,
				CECE6D381D9EB3CD00C6DF41 /* Main.storyboard in Resources */,
				CEEC5E651D9F648600DA8DF3 /* Message.storyboard in Resources */,
				CEEC5E5F1D9F4B1B00DA8DF3 /* MainVCSettings.json in Resources */,
				CEEC5E6D1D9F64BF00DA8DF3 /* Pub.storyboard in Resources */,
				CEEC5E631D9F647200DA8DF3 /* Home.storyboard in Resources */,
				CEEC5E6A1D9F64B000DA8DF3 /* Profile.storyboard in Resources */,
				CEEC5E681D9F64A100DA8DF3 /* Discover.storyboard in Resources */,
			);
			runOnlyForDeploymentPostprocessing = 0;
		};
		CECE6D411D9EB3CD00C6DF41 /* Resources */ = {
			isa = PBXResourcesBuildPhase;
			buildActionMask = 2147483647;
			files = (
			);
			runOnlyForDeploymentPostprocessing = 0;
		};
/* End PBXResourcesBuildPhase section */

/* Begin PBXSourcesBuildPhase section */
		CECE6D2B1D9EB3CD00C6DF41 /* Sources */ = {
			isa = PBXSourcesBuildPhase;
			buildActionMask = 2147483647;
			files = (
				CEEC5E6F1D9F65B400DA8DF3 /* ProfileViewController.swift in Sources */,
				CECE6D331D9EB3CD00C6DF41 /* AppDelegate.swift in Sources */,
				CEEC5E561D9F440B00DA8DF3 /* MainViewController.swift in Sources */,
				CEEC5E5A1D9F444C00DA8DF3 /* MessageViewController.swift in Sources */,
				CEEC5E581D9F443900DA8DF3 /* HomeViewController.swift in Sources */,
				CEEC5E5C1D9F445B00DA8DF3 /* DiscoverViewController.swift in Sources */,
			);
			runOnlyForDeploymentPostprocessing = 0;
		};
		CECE6D3F1D9EB3CD00C6DF41 /* Sources */ = {
			isa = PBXSourcesBuildPhase;
			buildActionMask = 2147483647;
			files = (
				CECE6D481D9EB3CD00C6DF41 /* SinaWeiboUITests.swift in Sources */,
			);
			runOnlyForDeploymentPostprocessing = 0;
		};
/* End PBXSourcesBuildPhase section */

/* Begin PBXTargetDependency section */
		CECE6D451D9EB3CD00C6DF41 /* PBXTargetDependency */ = {
			isa = PBXTargetDependency;
			target = CECE6D2E1D9EB3CD00C6DF41 /* SinaWeibo */;
			targetProxy = CECE6D441D9EB3CD00C6DF41 /* PBXContainerItemProxy */;
		};
/* End PBXTargetDependency section */

/* Begin PBXVariantGroup section */
		CECE6D361D9EB3CD00C6DF41 /* Main.storyboard */ = {
			isa = PBXVariantGroup;
			children = (
				CECE6D371D9EB3CD00C6DF41 /* Base */,
			);
			name = Main.storyboard;
			path = ..;
			sourceTree = "<group>";
		};
		CEEC5E611D9F647200DA8DF3 /* Home.storyboard */ = {
			isa = PBXVariantGroup;
			children = (
				CEEC5E621D9F647200DA8DF3 /* Base */,
			);
			name = Home.storyboard;
			path = ..;
			sourceTree = "<group>";
		};
		CEEC5E661D9F64A100DA8DF3 /* Discover.storyboard */ = {
			isa = PBXVariantGroup;
			children = (
				CEEC5E671D9F64A100DA8DF3 /* Base */,
			);
			name = Discover.storyboard;
			path = ..;
			sourceTree = "<group>";
		};
		CEEC5E6B1D9F64BF00DA8DF3 /* Pub.storyboard */ = {
			isa = PBXVariantGroup;
			children = (
				CEEC5E6C1D9F64BF00DA8DF3 /* Base */,
			);
			name = Pub.storyboard;
			path = ..;
			sourceTree = "<group>";
		};
/* End PBXVariantGroup section */

/* Begin XCBuildConfiguration section */
		CECE6D4A1D9EB3CD00C6DF41 /* Debug */ = {
			isa = XCBuildConfiguration;
			buildSettings = {
				ALWAYS_SEARCH_USER_PATHS = NO;
				CLANG_CXX_LANGUAGE_STANDARD = "gnu++0x";
				CLANG_CXX_LIBRARY = "libc++";
				CLANG_ENABLE_MODULES = YES;
				CLANG_ENABLE_OBJC_ARC = YES;
				CLANG_WARN_BOOL_CONVERSION = YES;
				CLANG_WARN_CONSTANT_CONVERSION = YES;
				CLANG_WARN_DIRECT_OBJC_ISA_USAGE = YES_ERROR;
				CLANG_WARN_EMPTY_BODY = YES;
				CLANG_WARN_ENUM_CONVERSION = YES;
				CLANG_WARN_INT_CONVERSION = YES;
				CLANG_WARN_OBJC_ROOT_CLASS = YES_ERROR;
				CLANG_WARN_UNREACHABLE_CODE = YES;
				CLANG_WARN__DUPLICATE_METHOD_MATCH = YES;
				"CODE_SIGN_IDENTITY[sdk=iphoneos*]" = "iPhone Developer";
				COPY_PHASE_STRIP = NO;
				DEBUG_INFORMATION_FORMAT = dwarf;
				ENABLE_STRICT_OBJC_MSGSEND = YES;
				ENABLE_TESTABILITY = YES;
				GCC_C_LANGUAGE_STANDARD = gnu99;
				GCC_DYNAMIC_NO_PIC = NO;
				GCC_NO_COMMON_BLOCKS = YES;
				GCC_OPTIMIZATION_LEVEL = 0;
				GCC_PREPROCESSOR_DEFINITIONS = (
					"DEBUG=1",
					"$(inherited)",
				);
				GCC_WARN_64_TO_32_BIT_CONVERSION = YES;
				GCC_WARN_ABOUT_RETURN_TYPE = YES_ERROR;
				GCC_WARN_UNDECLARED_SELECTOR = YES;
				GCC_WARN_UNINITIALIZED_AUTOS = YES_AGGRESSIVE;
				GCC_WARN_UNUSED_FUNCTION = YES;
				GCC_WARN_UNUSED_VARIABLE = YES;
				IPHONEOS_DEPLOYMENT_TARGET = 9.0;
				MTL_ENABLE_DEBUG_INFO = YES;
				ONLY_ACTIVE_ARCH = YES;
				SDKROOT = iphoneos;
				SWIFT_OPTIMIZATION_LEVEL = "-Onone";
				TARGETED_DEVICE_FAMILY = "1,2";
			};
			name = Debug;
		};
		CECE6D4B1D9EB3CD00C6DF41 /* Release */ = {
			isa = XCBuildConfiguration;
			buildSettings = {
				ALWAYS_SEARCH_USER_PATHS = NO;
				CLANG_CXX_LANGUAGE_STANDARD = "gnu++0x";
				CLANG_CXX_LIBRARY = "libc++";
				CLANG_ENABLE_MODULES = YES;
				CLANG_ENABLE_OBJC_ARC = YES;
				CLANG_WARN_BOOL_CONVERSION = YES;
				CLANG_WARN_CONSTANT_CONVERSION = YES;
				CLANG_WARN_DIRECT_OBJC_ISA_USAGE = YES_ERROR;
				CLANG_WARN_EMPTY_BODY = YES;
				CLANG_WARN_ENUM_CONVERSION = YES;
				CLANG_WARN_INT_CONVERSION = YES;
				CLANG_WARN_OBJC_ROOT_CLASS = YES_ERROR;
				CLANG_WARN_UNREACHABLE_CODE = YES;
				CLANG_WARN__DUPLICATE_METHOD_MATCH = YES;
				"CODE_SIGN_IDENTITY[sdk=iphoneos*]" = "iPhone Developer";
				COPY_PHASE_STRIP = NO;
				DEBUG_INFORMATION_FORMAT = "dwarf-with-dsym";
				ENABLE_NS_ASSERTIONS = NO;
				ENABLE_STRICT_OBJC_MSGSEND = YES;
				GCC_C_LANGUAGE_STANDARD = gnu99;
				GCC_NO_COMMON_BLOCKS = YES;
				GCC_WARN_64_TO_32_BIT_CONVERSION = YES;
				GCC_WARN_ABOUT_RETURN_TYPE = YES_ERROR;
				GCC_WARN_UNDECLARED_SELECTOR = YES;
				GCC_WARN_UNINITIALIZED_AUTOS = YES_AGGRESSIVE;
				GCC_WARN_UNUSED_FUNCTION = YES;
				GCC_WARN_UNUSED_VARIABLE = YES;
				IPHONEOS_DEPLOYMENT_TARGET = 9.0;
				MTL_ENABLE_DEBUG_INFO = NO;
				SDKROOT = iphoneos;
				TARGETED_DEVICE_FAMILY = "1,2";
				VALIDATE_PRODUCT = YES;
			};
			name = Release;
		};
		CECE6D4D1D9EB3CD00C6DF41 /* Debug */ = {
			isa = XCBuildConfiguration;
			buildSettings = {
				ASSETCATALOG_COMPILER_APPICON_NAME = AppIcon;
				ASSETCATALOG_COMPILER_LAUNCHIMAGE_NAME = "Brand Assets";
				INFOPLIST_FILE = SinaWeibo/Info.plist;
				LD_RUNPATH_SEARCH_PATHS = "$(inherited) @executable_path/Frameworks";
				PRODUCT_BUNDLE_IDENTIFIER = hj.com.SinaWeibo;
				PRODUCT_NAME = "$(TARGET_NAME)";
				TARGETED_DEVICE_FAMILY = 1;
			};
			name = Debug;
		};
		CECE6D4E1D9EB3CD00C6DF41 /* Release */ = {
			isa = XCBuildConfiguration;
			buildSettings = {
				ASSETCATALOG_COMPILER_APPICON_NAME = AppIcon;
				ASSETCATALOG_COMPILER_LAUNCHIMAGE_NAME = "Brand Assets";
				INFOPLIST_FILE = SinaWeibo/Info.plist;
				LD_RUNPATH_SEARCH_PATHS = "$(inherited) @executable_path/Frameworks";
				PRODUCT_BUNDLE_IDENTIFIER = hj.com.SinaWeibo;
				PRODUCT_NAME = "$(TARGET_NAME)";
				TARGETED_DEVICE_FAMILY = 1;
			};
			name = Release;
		};
		CECE6D501D9EB3CD00C6DF41 /* Debug */ = {
			isa = XCBuildConfiguration;
			buildSettings = {
				INFOPLIST_FILE = SinaWeiboUITests/Info.plist;
				LD_RUNPATH_SEARCH_PATHS = "$(inherited) @executable_path/Frameworks @loader_path/Frameworks";
				PRODUCT_BUNDLE_IDENTIFIER = hj.com.SinaWeiboUITests;
				PRODUCT_NAME = "$(TARGET_NAME)";
				TEST_TARGET_NAME = SinaWeibo;
				USES_XCTRUNNER = YES;
			};
			name = Debug;
		};
		CECE6D511D9EB3CD00C6DF41 /* Release */ = {
			isa = XCBuildConfiguration;
			buildSettings = {
				INFOPLIST_FILE = SinaWeiboUITests/Info.plist;
				LD_RUNPATH_SEARCH_PATHS = "$(inherited) @executable_path/Frameworks @loader_path/Frameworks";
				PRODUCT_BUNDLE_IDENTIFIER = hj.com.SinaWeiboUITests;
				PRODUCT_NAME = "$(TARGET_NAME)";
				TEST_TARGET_NAME = SinaWeibo;
				USES_XCTRUNNER = YES;
			};
			name = Release;
		};
/* End XCBuildConfiguration section */

/* Begin XCConfigurationList section */
		CECE6D2A1D9EB3CD00C6DF41 /* Build configuration list for PBXProject "SinaWeibo" */ = {
			isa = XCConfigurationList;
			buildConfigurations = (
				CECE6D4A1D9EB3CD00C6DF41 /* Debug */,
				CECE6D4B1D9EB3CD00C6DF41 /* Release */,
			);
			defaultConfigurationIsVisible = 0;
			defaultConfigurationName = Release;
		};
		CECE6D4C1D9EB3CD00C6DF41 /* Build configuration list for PBXNativeTarget "SinaWeibo" */ = {
			isa = XCConfigurationList;
			buildConfigurations = (
				CECE6D4D1D9EB3CD00C6DF41 /* Debug */,
				CECE6D4E1D9EB3CD00C6DF41 /* Release */,
			);
			defaultConfigurationIsVisible = 0;
			defaultConfigurationName = Release;
		};
		CECE6D4F1D9EB3CD00C6DF41 /* Build configuration list for PBXNativeTarget "SinaWeiboUITests" */ = {
			isa = XCConfigurationList;
			buildConfigurations = (
				CECE6D501D9EB3CD00C6DF41 /* Debug */,
				CECE6D511D9EB3CD00C6DF41 /* Release */,
			);
			defaultConfigurationIsVisible = 0;
			defaultConfigurationName = Release;
		};
/* End XCConfigurationList section */
	};
	rootObject = CECE6D271D9EB3CD00C6DF41 /* Project object */;
}
